
Microsoft Visual Studio Solution File, Format Version 12.00
# Visual Studio 14
VisualStudioVersion = 14.0.25420.1
MinimumVisualStudioVersion = 10.0.40219.1
Project("{FAE04EC0-301F-11D3-BF4B-00C04F79EFBC}") = "Shop Program", "Shop Program\Shop Program.csproj", "{44D7C9D7-0979-4D77-BFB9-2E09AD8EE959}"
EndProject
Global
	GlobalSection(SolutionConfigurationPlatforms) = preSolution
		Debug|Any CPU = Debug|Any CPU
		Release|Any CPU = Release|Any CPU
	EndGlobalSection
	GlobalSection(ProjectConfigurationPlatforms) = postSolution
		{44D7C9D7-0979-4D77-BFB9-2E09AD8EE959}.Debug|Any CPU.ActiveCfg = Debug|Any CPU
		{44D7C9D7-0979-4D77-BFB9-2E09AD8EE959}.Debug|Any CPU.Build.0 = Debug|Any CPU
		{44D7C9D7-0979-4D77-BFB9-2E09AD8EE959}.Release|Any CPU.ActiveCfg = Release|Any CPU
		{44D7C9D7-0979-4D77-BFB9-2E09AD8EE959}.Release|Any CPU.Build.0 = Release|Any CPU
	EndGlobalSection
	GlobalSection(SolutionProperties) = preSolution
		HideSolutionNode = FALSE
	EndGlobalSection
EndGlobal
